
Microsoft Visual Studio Solution File, Format Version 12.00
# Visual Studio Version 16
VisualStudioVersion = 16.0.30225.117
MinimumVisualStudioVersion = 10.0.40219.1
Project("{FAE04EC0-301F-11D3-BF4B-00C04F79EFBC}") = "SistemaInterno", "..\SistemaInterno\SistemaInterno.csproj", "{AA0BCDC8-8218-4355-84D1-65E10235658F}"
EndProject
Global
	GlobalSection(SolutionConfigurationPlatforms) = preSolution
		Debug|Any CPU = Debug|Any CPU
		Release|Any CPU = Release|Any CPU
	EndGlobalSection
	GlobalSection(ProjectConfigurationPlatforms) = postSolution
		{AA0BCDC8-8218-4355-84D1-65E10235658F}.Debug|Any CPU.ActiveCfg = Debug|Any CPU
		{AA0BCDC8-8218-4355-84D1-65E10235658F}.Debug|Any CPU.Build.0 = Debug|Any CPU
		{AA0BCDC8-8218-4355-84D1-65E10235658F}.Release|Any CPU.ActiveCfg = Release|Any CPU
		{AA0BCDC8-8218-4355-84D1-65E10235658F}.Release|Any CPU.Build.0 = Release|Any CPU
	EndGlobalSection
	GlobalSection(SolutionProperties) = preSolution
		HideSolutionNode = FALSE
	EndGlobalSection
	GlobalSection(ExtensibilityGlobals) = postSolution
		SolutionGuid = {F7D3069B-45AC-4AFC-9D18-A84AFE343A75}
	EndGlobalSection
EndGlobal
